
Microsoft Visual Studio Solution File, Format Version 12.00
# Visual Studio Version 16
VisualStudioVersion = 16.0.29123.88
MinimumVisualStudioVersion = 10.0.40219.1
Project("{FAE04EC0-301F-11D3-BF4B-00C04F79EFBC}") = "AutomatedTellerMachine", "AutomatedTellerMachine\AutomatedTellerMachine.csproj", "{8CA92557-F5AB-4642-AB64-5A54407680FF}"
EndProject
Project("{FAE04EC0-301F-11D3-BF4B-00C04F79EFBC}") = "AutomatedTellerMachine.Tests", "AutomatedTellerMachine.Tests\AutomatedTellerMachine.Tests.csproj", "{3E494657-FF4F-4EC0-81EE-190A2CB8E137}"
EndProject
Global
	GlobalSection(SolutionConfigurationPlatforms) = preSolution
		Debug|Any CPU = Debug|Any CPU
		Release|Any CPU = Release|Any CPU
	EndGlobalSection
	GlobalSection(ProjectConfigurationPlatforms) = postSolution
		{8CA92557-F5AB-4642-AB64-5A54407680FF}.Debug|Any CPU.ActiveCfg = Debug|Any CPU
		{8CA92557-F5AB-4642-AB64-5A54407680FF}.Debug|Any CPU.Build.0 = Debug|Any CPU
		{8CA92557-F5AB-4642-AB64-5A54407680FF}.Release|Any CPU.ActiveCfg = Release|Any CPU
		{8CA92557-F5AB-4642-AB64-5A54407680FF}.Release|Any CPU.Build.0 = Release|Any CPU
		{3E494657-FF4F-4EC0-81EE-190A2CB8E137}.Debug|Any CPU.ActiveCfg = Debug|Any CPU
		{3E494657-FF4F-4EC0-81EE-190A2CB8E137}.Debug|Any CPU.Build.0 = Debug|Any CPU
		{3E494657-FF4F-4EC0-81EE-190A2CB8E137}.Release|Any CPU.ActiveCfg = Release|Any CPU
		{3E494657-FF4F-4EC0-81EE-190A2CB8E137}.Release|Any CPU.Build.0 = Release|Any CPU
	EndGlobalSection
	GlobalSection(SolutionProperties) = preSolution
		HideSolutionNode = FALSE
	EndGlobalSection
	GlobalSection(ExtensibilityGlobals) = postSolution
		SolutionGuid = {66731494-9E74-4E8F-AB99-E986CF251A99}
	EndGlobalSection
EndGlobal
